
Microsoft Visual Studio Solution File, Format Version 12.00
# Visual Studio Version 17
VisualStudioVersion = 17.8.34511.84
MinimumVisualStudioVersion = 10.0.40219.1
Project("{FAE04EC0-301F-11D3-BF4B-00C04F79EFBC}") = "MS539 9 18 24 images", "MS539 9 18 24 images.csproj", "{9B59C49F-A7FB-436F-9751-4133295B4048}"
EndProject
Global
	GlobalSection(SolutionConfigurationPlatforms) = preSolution
		Debug|Any CPU = Debug|Any CPU
		Release|Any CPU = Release|Any CPU
	EndGlobalSection
	GlobalSection(ProjectConfigurationPlatforms) = postSolution
		{9B59C49F-A7FB-436F-9751-4133295B4048}.Debug|Any CPU.ActiveCfg = Debug|Any CPU
		{9B59C49F-A7FB-436F-9751-4133295B4048}.Debug|Any CPU.Build.0 = Debug|Any CPU
		{9B59C49F-A7FB-436F-9751-4133295B4048}.Release|Any CPU.ActiveCfg = Release|Any CPU
		{9B59C49F-A7FB-436F-9751-4133295B4048}.Release|Any CPU.Build.0 = Release|Any CPU
	EndGlobalSection
	GlobalSection(SolutionProperties) = preSolution
		HideSolutionNode = FALSE
	EndGlobalSection
	GlobalSection(ExtensibilityGlobals) = postSolution
		SolutionGuid = {3517F453-403E-4AC2-AAC7-965EA209FF10}
	EndGlobalSection
EndGlobal
